
Microsoft Visual Studio Solution File, Format Version 12.00
# Visual Studio 2013
VisualStudioVersion = 12.0.21005.1
MinimumVisualStudioVersion = 10.0.40219.1
Project("{FAE04EC0-301F-11D3-BF4B-00C04F79EFBC}") = "Oop_Student_InfoApp", "Oop_Student_InfoApp\Oop_Student_InfoApp.csproj", "{F832B818-9839-4EDF-B0F8-C5ECCBD8B671}"
EndProject
Global
	GlobalSection(SolutionConfigurationPlatforms) = preSolution
		Debug|Any CPU = Debug|Any CPU
		Release|Any CPU = Release|Any CPU
	EndGlobalSection
	GlobalSection(ProjectConfigurationPlatforms) = postSolution
		{F832B818-9839-4EDF-B0F8-C5ECCBD8B671}.Debug|Any CPU.ActiveCfg = Debug|Any CPU
		{F832B818-9839-4EDF-B0F8-C5ECCBD8B671}.Debug|Any CPU.Build.0 = Debug|Any CPU
		{F832B818-9839-4EDF-B0F8-C5ECCBD8B671}.Release|Any CPU.ActiveCfg = Release|Any CPU
		{F832B818-9839-4EDF-B0F8-C5ECCBD8B671}.Release|Any CPU.Build.0 = Release|Any CPU
	EndGlobalSection
	GlobalSection(SolutionProperties) = preSolution
		HideSolutionNode = FALSE
	EndGlobalSection
EndGlobal
